// !$*UTF8*$!
{
	archiveVersion = 1;
	classes = {
	};
	objectVersion = 55;
	objects = {

/* Begin PBXBuildFile section */
		08837B6F2824B3BB001E7917 /* AppDelegate.swift in Sources */ = {isa = PBXBuildFile; fileRef = 08837B6E2824B3BB001E7917 /* AppDelegate.swift */; };
		08837B712824B3BB001E7917 /* SceneDelegate.swift in Sources */ = {isa = PBXBuildFile; fileRef = 08837B702824B3BB001E7917 /* SceneDelegate.swift */; };
		08837B732824B3BB001E7917 /* ViewController.swift in Sources */ = {isa = PBXBuildFile; fileRef = 08837B722824B3BB001E7917 /* ViewController.swift */; };
		08837B762824B3BB001E7917 /* Main.storyboard in Resources */ = {isa = PBXBuildFile; fileRef = 08837B742824B3BB001E7917 /* Main.storyboard */; };
		08837B792824B3BB001E7917 /* OnlineBookingSystem.xcdatamodeld in Sources */ = {isa = PBXBuildFile; fileRef = 08837B772824B3BB001E7917 /* OnlineBookingSystem.xcdatamodeld */; };
		08837B7B2824B3BC001E7917 /* Assets.xcassets in Resources */ = {isa = PBXBuildFile; fileRef = 08837B7A2824B3BC001E7917 /* Assets.xcassets */; };
		08837B7E2824B3BC001E7917 /* LaunchScreen.storyboard in Resources */ = {isa = PBXBuildFile; fileRef = 08837B7C2824B3BC001E7917 /* LaunchScreen.storyboard */; };
/* End PBXBuildFile section */

/* Begin PBXFileReference section */
		08837B6B2824B3BB001E7917 /* OnlineBookingSystem.app */ = {isa = PBXFileReference; explicitFileType = wrapper.application; includeInIndex = 0; path = OnlineBookingSystem.app; sourceTree = BUILT_PRODUCTS_DIR; };
		08837B6E2824B3BB001E7917 /* AppDelegate.swift */ = {isa = PBXFileReference; lastKnownFileType = sourcecode.swift; path = AppDelegate.swift; sourceTree = "<group>"; };
		08837B702824B3BB001E7917 /* SceneDelegate.swift */ = {isa = PBXFileReference; lastKnownFileType = sourcecode.swift; path = SceneDelegate.swift; sourceTree = "<group>"; };
		08837B722824B3BB001E7917 /* ViewController.swift */ = {isa = PBXFileReference; lastKnownFileType = sourcecode.swift; path = ViewController.swift; sourceTree = "<group>"; };
		08837B752824B3BB001E7917 /* Base */ = {isa = PBXFileReference; lastKnownFileType = file.storyboard; name = Base; path = Base.lproj/Main.storyboard; sourceTree = "<group>"; };
		08837B782824B3BB001E7917 /* OnlineBookingSystem.xcdatamodel */ = {isa = PBXFileReference; lastKnownFileType = wrapper.xcdatamodel; path = OnlineBookingSystem.xcdatamodel; sourceTree = "<group>"; };
		08837B7A2824B3BC001E7917 /* Assets.xcassets */ = {isa = PBXFileReference; lastKnownFileType = folder.assetcatalog; path = Assets.xcassets; sourceTree = "<group>"; };
		08837B7D2824B3BC001E7917 /* Base */ = {isa = PBXFileReference; lastKnownFileType = file.storyboard; name = Base; path = Base.lproj/LaunchScreen.storyboard; sourceTree = "<group>"; };
		08837B7F2824B3BC001E7917 /* Info.plist */ = {isa = PBXFileReference; lastKnownFileType = text.plist.xml; path = Info.plist; sourceTree = "<group>"; };
/* End PBXFileReference section */

/* Begin PBXFrameworksBuildPhase section */
		08837B682824B3BB001E7917 /* Frameworks */ = {
			isa = PBXFrameworksBuildPhase;
			buildActionMask = 2147483647;
			files = (
			);
			runOnlyForDeploymentPostprocessing = 0;
		};
/* End PBXFrameworksBuildPhase section */

/* Begin PBXGroup section */
		08837B622824B3BB001E7917 = {
			isa = PBXGroup;
			children = (
				08837B6D2824B3BB001E7917 /* OnlineBookingSystem */,
				08837B6C2824B3BB001E7917 /* Products */,
			);
			sourceTree = "<group>";
		};
		08837B6C2824B3BB001E7917 /* Products */ = {
			isa = PBXGroup;
			children = (
				08837B6B2824B3BB001E7917 /* OnlineBookingSystem.app */,
			);
			name = Products;
			sourceTree = "<group>";
		};
		08837B6D2824B3BB001E7917 /* OnlineBookingSystem */ = {
			isa = PBXGroup;
			children = (
				08837B872824B404001E7917 /* model */,
				08837B862824B3F4001E7917 /* storyboard */,
				08837B852824B3DB001E7917 /* contoller */,
				08837B6E2824B3BB001E7917 /* AppDelegate.swift */,
				08837B702824B3BB001E7917 /* SceneDelegate.swift */,
				08837B7A2824B3BC001E7917 /* Assets.xcassets */,
				08837B7F2824B3BC001E7917 /* Info.plist */,
				08837B772824B3BB001E7917 /* OnlineBookingSystem.xcdatamodeld */,
			);
			path = OnlineBookingSystem;
			sourceTree = "<group>";
		};
		08837B852824B3DB001E7917 /* contoller */ = {
			isa = PBXGroup;
			children = (
				08837B722824B3BB001E7917 /* ViewController.swift */,
			);
			path = contoller;
			sourceTree = "<group>";
		};
		08837B862824B3F4001E7917 /* storyboard */ = {
			isa = PBXGroup;
			children = (
				08837B742824B3BB001E7917 /* Main.storyboard */,
				08837B7C2824B3BC001E7917 /* LaunchScreen.storyboard */,
			);
			path = storyboard;
			sourceTree = "<group>";
		};
		08837B872824B404001E7917 /* model */ = {
			isa = PBXGroup;
			children = (
			);
			path = model;
			sourceTree = "<group>";
		};
/* End PBXGroup section */

/* Begin PBXNativeTarget section */
		08837B6A2824B3BB001E7917 /* OnlineBookingSystem */ = {
			isa = PBXNativeTarget;
			buildConfigurationList = 08837B822824B3BC001E7917 /* Build configuration list for PBXNativeTarget "OnlineBookingSystem" */;
			buildPhases = (
				08837B672824B3BB001E7917 /* Sources */,
				08837B682824B3BB001E7917 /* Frameworks */,
				08837B692824B3BB001E7917 /* Resources */,
			);
			buildRules = (
			);
			dependencies = (
			);
			name = OnlineBookingSystem;
			productName = OnlineBookingSystem;
			productReference = 08837B6B2824B3BB001E7917 /* OnlineBookingSystem.app */;
			productType = "com.apple.product-type.application";
		};
/* End PBXNativeTarget section */

/* Begin PBXProject section */
		08837B632824B3BB001E7917 /* Project object */ = {
			isa = PBXProject;
			attributes = {
				BuildIndependentTargetsInParallel = 1;
				LastSwiftUpdateCheck = 1330;
				LastUpgradeCheck = 1330;
				TargetAttributes = {
					08837B6A2824B3BB001E7917 = {
						CreatedOnToolsVersion = 13.3.1;
					};
				};
			};
			buildConfigurationList = 08837B662824B3BB001E7917 /* Build configuration list for PBXProject "OnlineBookingSystem" */;
			compatibilityVersion = "Xcode 13.0";
			developmentRegion = en;
			hasScannedForEncodings = 0;
			knownRegions = (
				en,
				Base,
			);
			mainGroup = 08837B622824B3BB001E7917;
			productRefGroup = 08837B6C2824B3BB001E7917 /* Products */;
			projectDirPath = "";
			projectRoot = "";
			targets = (
				08837B6A2824B3BB001E7917 /* OnlineBookingSystem */,
			);
		};
/* End PBXProject section */

/* Begin PBXResourcesBuildPhase section */
		08837B692824B3BB001E7917 /* Resources */ = {
			isa = PBXResourcesBuildPhase;
			buildActionMask = 2147483647;
			files = (
				08837B7E2824B3BC001E7917 /* LaunchScreen.storyboard in Resources */,
				08837B7B2824B3BC001E7917 /* Assets.xcassets in Resources */,
				08837B762824B3BB001E7917 /* Main.storyboard in Resources */,
			);
			runOnlyForDeploymentPostprocessing = 0;
		};
/* End PBXResourcesBuildPhase section */

/* Begin PBXSourcesBuildPhase section */
		08837B672824B3BB001E7917 /* Sources */ = {
			isa = PBXSourcesBuildPhase;
			buildActionMask = 2147483647;
			files = (
				08837B732824B3BB001E7917 /* ViewController.swift in Sources */,
				08837B6F2824B3BB001E7917 /* AppDelegate.swift in Sources */,
				08837B792824B3BB001E7917 /* OnlineBookingSystem.xcdatamodeld in Sources */,
				08837B712824B3BB001E7917 /* SceneDelegate.swift in Sources */,
			);
			runOnlyForDeploymentPostprocessing = 0;
		};
/* End PBXSourcesBuildPhase section */

/* Begin PBXVariantGroup section */
		08837B742824B3BB001E7917 /* Main.storyboard */ = {
			isa = PBXVariantGroup;
			children = (
				08837B752824B3BB001E7917 /* Base */,
			);
			name = Main.storyboard;
			sourceTree = "<group>";
		};
		08837B7C2824B3BC001E7917 /* LaunchScreen.storyboard */ = {
			isa = PBXVariantGroup;
			children = (
				08837B7D2824B3BC001E7917 /* Base */,
			);
			name = LaunchScreen.storyboard;
			sourceTree = "<group>";
		};
/* End PBXVariantGroup section */

/* Begin XCBuildConfiguration section */
		08837B802824B3BC001E7917 /* Debug */ = {
			isa = XCBuildConfiguration;
			buildSettings = {
				ALWAYS_SEARCH_USER_PATHS = NO;
				CLANG_ANALYZER_NONNULL = YES;
				CLANG_ANALYZER_NUMBER_OBJECT_CONVERSION = YES_AGGRESSIVE;
				CLANG_CXX_LANGUAGE_STANDARD = "gnu++17";
				CLANG_ENABLE_MODULES = YES;
				CLANG_ENABLE_OBJC_ARC = YES;
				CLANG_ENABLE_OBJC_WEAK = YES;
				CLANG_WARN_BLOCK_CAPTURE_AUTORELEASING = YES;
				CLANG_WARN_BOOL_CONVERSION = YES;
				CLANG_WARN_COMMA = YES;
				CLANG_WARN_CONSTANT_CONVERSION = YES;
				CLANG_WARN_DEPRECATED_OBJC_IMPLEMENTATIONS = YES;
				CLANG_WARN_DIRECT_OBJC_ISA_USAGE = YES_ERROR;
				CLANG_WARN_DOCUMENTATION_COMMENTS = YES;
				CLANG_WARN_EMPTY_BODY = YES;
				CLANG_WARN_ENUM_CONVERSION = YES;
				CLANG_WARN_INFINITE_RECURSION = YES;
				CLANG_WARN_INT_CONVERSION = YES;
				CLANG_WARN_NON_LITERAL_NULL_CONVERSION = YES;
				CLANG_WARN_OBJC_IMPLICIT_RETAIN_SELF = YES;
				CLANG_WARN_OBJC_LITERAL_CONVERSION = YES;
				CLANG_WARN_OBJC_ROOT_CLASS = YES_ERROR;
				CLANG_WARN_QUOTED_INCLUDE_IN_FRAMEWORK_HEADER = YES;
				CLANG_WARN_RANGE_LOOP_ANALYSIS = YES;
				CLANG_WARN_STRICT_PROTOTYPES = YES;
				CLANG_WARN_SUSPICIOUS_MOVE = YES;
				CLANG_WARN_UNGUARDED_AVAILABILITY = YES_AGGRESSIVE;
				CLANG_WARN_UNREACHABLE_CODE = YES;
				CLANG_WARN__DUPLICATE_METHOD_MATCH = YES;
				COPY_PHASE_STRIP = NO;
				DEBUG_INFORMATION_FORMAT = dwarf;
				ENABLE_STRICT_OBJC_MSGSEND = YES;
				ENABLE_TESTABILITY = YES;
				GCC_C_LANGUAGE_STANDARD = gnu11;
				GCC_DYNAMIC_NO_PIC = NO;
				GCC_NO_COMMON_BLOCKS = YES;
				GCC_OPTIMIZATION_LEVEL = 0;
				GCC_PREPROCESSOR_DEFINITIONS = (
					"DEBUG=1",
					"$(inherited)",
				);
				GCC_WARN_64_TO_32_BIT_CONVERSION = YES;
				GCC_WARN_ABOUT_RETURN_TYPE = YES_ERROR;
				GCC_WARN_UNDECLARED_SELECTOR = YES;
				GCC_WARN_UNINITIALIZED_AUTOS = YES_AGGRESSIVE;
				GCC_WARN_UNUSED_FUNCTION = YES;
				GCC_WARN_UNUSED_VARIABLE = YES;
				IPHONEOS_DEPLOYMENT_TARGET = 15.4;
				MTL_ENABLE_DEBUG_INFO = INCLUDE_SOURCE;
				MTL_FAST_MATH = YES;
				ONLY_ACTIVE_ARCH = YES;
				SDKROOT = iphoneos;
				SWIFT_ACTIVE_COMPILATION_CONDITIONS = DEBUG;
				SWIFT_OPTIMIZATION_LEVEL = "-Onone";
			};
			name = Debug;
		};
		08837B812824B3BC001E7917 /* Release */ = {
			isa = XCBuildConfiguration;
			buildSettings = {
				ALWAYS_SEARCH_USER_PATHS = NO;
				CLANG_ANALYZER_NONNULL = YES;
				CLANG_ANALYZER_NUMBER_OBJECT_CONVERSION = YES_AGGRESSIVE;
				CLANG_CXX_LANGUAGE_STANDARD = "gnu++17";
				CLANG_ENABLE_MODULES = YES;
				CLANG_ENABLE_OBJC_ARC = YES;
				CLANG_ENABLE_OBJC_WEAK = YES;
				CLANG_WARN_BLOCK_CAPTURE_AUTORELEASING = YES;
				CLANG_WARN_BOOL_CONVERSION = YES;
				CLANG_WARN_COMMA = YES;
				CLANG_WARN_CONSTANT_CONVERSION = YES;
				CLANG_WARN_DEPRECATED_OBJC_IMPLEMENTATIONS = YES;
				CLANG_WARN_DIRECT_OBJC_ISA_USAGE = YES_ERROR;
				CLANG_WARN_DOCUMENTATION_COMMENTS = YES;
				CLANG_WARN_EMPTY_BODY = YES;
				CLANG_WARN_ENUM_CONVERSION = YES;
				CLANG_WARN_INFINITE_RECURSION = YES;
				CLANG_WARN_INT_CONVERSION = YES;
				CLANG_WARN_NON_LITERAL_NULL_CONVERSION = YES;
				CLANG_WARN_OBJC_IMPLICIT_RETAIN_SELF = YES;
				CLANG_WARN_OBJC_LITERAL_CONVERSION = YES;
				CLANG_WARN_OBJC_ROOT_CLASS = YES_ERROR;
				CLANG_WARN_QUOTED_INCLUDE_IN_FRAMEWORK_HEADER = YES;
				CLANG_WARN_RANGE_LOOP_ANALYSIS = YES;
				CLANG_WARN_STRICT_PROTOTYPES = YES;
				CLANG_WARN_SUSPICIOUS_MOVE = YES;
				CLANG_WARN_UNGUARDED_AVAILABILITY = YES_AGGRESSIVE;
				CLANG_WARN_UNREACHABLE_CODE = YES;
				CLANG_WARN__DUPLICATE_METHOD_MATCH = YES;
				COPY_PHASE_STRIP = NO;
				DEBUG_INFORMATION_FORMAT = "dwarf-with-dsym";
				ENABLE_NS_ASSERTIONS = NO;
				ENABLE_STRICT_OBJC_MSGSEND = YES;
				GCC_C_LANGUAGE_STANDARD = gnu11;
				GCC_NO_COMMON_BLOCKS = YES;
				GCC_WARN_64_TO_32_BIT_CONVERSION = YES;
				GCC_WARN_ABOUT_RETURN_TYPE = YES_ERROR;
				GCC_WARN_UNDECLARED_SELECTOR = YES;
				GCC_WARN_UNINITIALIZED_AUTOS = YES_AGGRESSIVE;
				GCC_WARN_UNUSED_FUNCTION = YES;
				GCC_WARN_UNUSED_VARIABLE = YES;
				IPHONEOS_DEPLOYMENT_TARGET = 15.4;
				MTL_ENABLE_DEBUG_INFO = NO;
				MTL_FAST_MATH = YES;
				SDKROOT = iphoneos;
				SWIFT_COMPILATION_MODE = wholemodule;
				SWIFT_OPTIMIZATION_LEVEL = "-O";
				VALIDATE_PRODUCT = YES;
			};
			name = Release;
		};
		08837B832824B3BC001E7917 /* Debug */ = {
			isa = XCBuildConfiguration;
			buildSettings = {
				ASSETCATALOG_COMPILER_APPICON_NAME = AppIcon;
				ASSETCATALOG_COMPILER_GLOBAL_ACCENT_COLOR_NAME = AccentColor;
				CODE_SIGN_STYLE = Automatic;
				CURRENT_PROJECT_VERSION = 1;
				GENERATE_INFOPLIST_FILE = YES;
				INFOPLIST_FILE = OnlineBookingSystem/Info.plist;
				INFOPLIST_KEY_UIApplicationSupportsIndirectInputEvents = YES;
				INFOPLIST_KEY_UILaunchStoryboardName = LaunchScreen;
				INFOPLIST_KEY_UIMainStoryboardFile = Main;
				INFOPLIST_KEY_UISupportedInterfaceOrientations_iPad = "UIInterfaceOrientationPortrait UIInterfaceOrientationPortraitUpsideDown UIInterfaceOrientationLandscapeLeft UIInterfaceOrientationLandscapeRight";
				INFOPLIST_KEY_UISupportedInterfaceOrientations_iPhone = "UIInterfaceOrientationPortrait UIInterfaceOrientationLandscapeLeft UIInterfaceOrientationLandscapeRight";
				LD_RUNPATH_SEARCH_PATHS = (
					"$(inherited)",
					"@executable_path/Frameworks",
				);
				MARKETING_VERSION = 1.0;
				PRODUCT_BUNDLE_IDENTIFIER = A341889.OnlineBookingSystem;
				PRODUCT_NAME = "$(TARGET_NAME)";
				SWIFT_EMIT_LOC_STRINGS = YES;
				SWIFT_VERSION = 5.0;
				TARGETED_DEVICE_FAMILY = "1,2";
			};
			name = Debug;
		};
		08837B842824B3BC001E7917 /* Release */ = {
			isa = XCBuildConfiguration;
			buildSettings = {
				ASSETCATALOG_COMPILER_APPICON_NAME = AppIcon;
				ASSETCATALOG_COMPILER_GLOBAL_ACCENT_COLOR_NAME = AccentColor;
				CODE_SIGN_STYLE = Automatic;
				CURRENT_PROJECT_VERSION = 1;
				GENERATE_INFOPLIST_FILE = YES;
				INFOPLIST_FILE = OnlineBookingSystem/Info.plist;
				INFOPLIST_KEY_UIApplicationSupportsIndirectInputEvents = YES;
				INFOPLIST_KEY_UILaunchStoryboardName = LaunchScreen;
				INFOPLIST_KEY_UIMainStoryboardFile = Main;
				INFOPLIST_KEY_UISupportedInterfaceOrientations_iPad = "UIInterfaceOrientationPortrait UIInterfaceOrientationPortraitUpsideDown UIInterfaceOrientationLandscapeLeft UIInterfaceOrientationLandscapeRight";
				INFOPLIST_KEY_UISupportedInterfaceOrientations_iPhone = "UIInterfaceOrientationPortrait UIInterfaceOrientationLandscapeLeft UIInterfaceOrientationLandscapeRight";
				LD_RUNPATH_SEARCH_PATHS = (
					"$(inherited)",
					"@executable_path/Frameworks",
				);
				MARKETING_VERSION = 1.0;
				PRODUCT_BUNDLE_IDENTIFIER = A341889.OnlineBookingSystem;
				PRODUCT_NAME = "$(TARGET_NAME)";
				SWIFT_EMIT_LOC_STRINGS = YES;
				SWIFT_VERSION = 5.0;
				TARGETED_DEVICE_FAMILY = "1,2";
			};
			name = Release;
		};
/* End XCBuildConfiguration section */

/* Begin XCConfigurationList section */
		08837B662824B3BB001E7917 /* Build configuration list for PBXProject "OnlineBookingSystem" */ = {
			isa = XCConfigurationList;
			buildConfigurations = (
				08837B802824B3BC001E7917 /* Debug */,
				08837B812824B3BC001E7917 /* Release */,
			);
			defaultConfigurationIsVisible = 0;
			defaultConfigurationName = Release;
		};
		08837B822824B3BC001E7917 /* Build configuration list for PBXNativeTarget "OnlineBookingSystem" */ = {
			isa = XCConfigurationList;
			buildConfigurations = (
				08837B832824B3BC001E7917 /* Debug */,
				08837B842824B3BC001E7917 /* Release */,
			);
			defaultConfigurationIsVisible = 0;
			defaultConfigurationName = Release;
		};
/* End XCConfigurationList section */

/* Begin XCVersionGroup section */
		08837B772824B3BB001E7917 /* OnlineBookingSystem.xcdatamodeld */ = {
			isa = XCVersionGroup;
			children = (
				08837B782824B3BB001E7917 /* OnlineBookingSystem.xcdatamodel */,
			);
			currentVersion = 08837B782824B3BB001E7917 /* OnlineBookingSystem.xcdatamodel */;
			path = OnlineBookingSystem.xcdatamodeld;
			sourceTree = "<group>";
			versionGroupType = wrapper.xcdatamodel;
		};
/* End XCVersionGroup section */
	};
	rootObject = 08837B632824B3BB001E7917 /* Project object */;
}
